
Microsoft Visual Studio Solution File, Format Version 12.00
# Visual Studio Version 17
VisualStudioVersion = 17.0.31903.59
MinimumVisualStudioVersion = 10.0.40219.1
Project("{2150E333-8FDC-42A3-9474-1A3956D46DE8}") = "src", "src", "{093B56B1-E9E0-4648-AA48-075E7F3A6225}"
EndProject
Project("{FAE04EC0-301F-11D3-BF4B-00C04F79EFBC}") = "Api", "src\Api\Api.csproj", "{0DCBD6AA-87DB-4891-8BD4-9283258320EB}"
EndProject
Project("{FAE04EC0-301F-11D3-BF4B-00C04F79EFBC}") = "Application", "src\Application\Application.csproj", "{1922BDCA-4A00-4A6A-85A2-AE7678E29F2A}"
EndProject
Project("{FAE04EC0-301F-11D3-BF4B-00C04F79EFBC}") = "Contracts", "src\Contracts\Contracts.csproj", "{A89142BB-1915-4452-9D7B-55EDBA03FD10}"
EndProject
Project("{FAE04EC0-301F-11D3-BF4B-00C04F79EFBC}") = "Domain", "src\Domain\Domain.csproj", "{F7176F70-7D98-4607-B01D-189E3A5F18F1}"
EndProject
Project("{FAE04EC0-301F-11D3-BF4B-00C04F79EFBC}") = "Infrastructure", "src\Infrastructure\Infrastructure.csproj", "{673F5903-6BC2-4AD4-B454-32706F7BC979}"
EndProject
Project("{2150E333-8FDC-42A3-9474-1A3956D46DE8}") = "tests", "tests", "{F259F81F-45C0-41BE-B647-9588D4A53B44}"
EndProject
Project("{2150E333-8FDC-42A3-9474-1A3956D46DE8}") = "UnitTests", "UnitTests", "{E22F99B9-7D59-410B-80C7-53D3DA2DBC9B}"
EndProject
Project("{FAE04EC0-301F-11D3-BF4B-00C04F79EFBC}") = "Api.UnitTests", "tests\UnitTests\Api.UnitTests\Api.UnitTests.csproj", "{B6EE7F91-9C3D-48F1-85F2-0E4AFF60605D}"
EndProject
Project("{FAE04EC0-301F-11D3-BF4B-00C04F79EFBC}") = "Application.UnitTests", "tests\UnitTests\Application.UnitTests\Application.UnitTests.csproj", "{153A9F2E-A700-4D5A-B8F5-F88E7E7C70F4}"
EndProject
Global
	GlobalSection(SolutionConfigurationPlatforms) = preSolution
		Debug|Any CPU = Debug|Any CPU
		Release|Any CPU = Release|Any CPU
	EndGlobalSection
	GlobalSection(SolutionProperties) = preSolution
		HideSolutionNode = FALSE
	EndGlobalSection
	GlobalSection(ProjectConfigurationPlatforms) = postSolution
		{0DCBD6AA-87DB-4891-8BD4-9283258320EB}.Debug|Any CPU.ActiveCfg = Debug|Any CPU
		{0DCBD6AA-87DB-4891-8BD4-9283258320EB}.Debug|Any CPU.Build.0 = Debug|Any CPU
		{0DCBD6AA-87DB-4891-8BD4-9283258320EB}.Release|Any CPU.ActiveCfg = Release|Any CPU
		{0DCBD6AA-87DB-4891-8BD4-9283258320EB}.Release|Any CPU.Build.0 = Release|Any CPU
		{1922BDCA-4A00-4A6A-85A2-AE7678E29F2A}.Debug|Any CPU.ActiveCfg = Debug|Any CPU
		{1922BDCA-4A00-4A6A-85A2-AE7678E29F2A}.Debug|Any CPU.Build.0 = Debug|Any CPU
		{1922BDCA-4A00-4A6A-85A2-AE7678E29F2A}.Release|Any CPU.ActiveCfg = Release|Any CPU
		{1922BDCA-4A00-4A6A-85A2-AE7678E29F2A}.Release|Any CPU.Build.0 = Release|Any CPU
		{A89142BB-1915-4452-9D7B-55EDBA03FD10}.Debug|Any CPU.ActiveCfg = Debug|Any CPU
		{A89142BB-1915-4452-9D7B-55EDBA03FD10}.Debug|Any CPU.Build.0 = Debug|Any CPU
		{A89142BB-1915-4452-9D7B-55EDBA03FD10}.Release|Any CPU.ActiveCfg = Release|Any CPU
		{A89142BB-1915-4452-9D7B-55EDBA03FD10}.Release|Any CPU.Build.0 = Release|Any CPU
		{F7176F70-7D98-4607-B01D-189E3A5F18F1}.Debug|Any CPU.ActiveCfg = Debug|Any CPU
		{F7176F70-7D98-4607-B01D-189E3A5F18F1}.Debug|Any CPU.Build.0 = Debug|Any CPU
		{F7176F70-7D98-4607-B01D-189E3A5F18F1}.Release|Any CPU.ActiveCfg = Release|Any CPU
		{F7176F70-7D98-4607-B01D-189E3A5F18F1}.Release|Any CPU.Build.0 = Release|Any CPU
		{673F5903-6BC2-4AD4-B454-32706F7BC979}.Debug|Any CPU.ActiveCfg = Debug|Any CPU
		{673F5903-6BC2-4AD4-B454-32706F7BC979}.Debug|Any CPU.Build.0 = Debug|Any CPU
		{673F5903-6BC2-4AD4-B454-32706F7BC979}.Release|Any CPU.ActiveCfg = Release|Any CPU
		{673F5903-6BC2-4AD4-B454-32706F7BC979}.Release|Any CPU.Build.0 = Release|Any CPU
		{B6EE7F91-9C3D-48F1-85F2-0E4AFF60605D}.Debug|Any CPU.ActiveCfg = Debug|Any CPU
		{B6EE7F91-9C3D-48F1-85F2-0E4AFF60605D}.Debug|Any CPU.Build.0 = Debug|Any CPU
		{B6EE7F91-9C3D-48F1-85F2-0E4AFF60605D}.Release|Any CPU.ActiveCfg = Release|Any CPU
		{B6EE7F91-9C3D-48F1-85F2-0E4AFF60605D}.Release|Any CPU.Build.0 = Release|Any CPU
		{153A9F2E-A700-4D5A-B8F5-F88E7E7C70F4}.Debug|Any CPU.ActiveCfg = Debug|Any CPU
		{153A9F2E-A700-4D5A-B8F5-F88E7E7C70F4}.Debug|Any CPU.Build.0 = Debug|Any CPU
		{153A9F2E-A700-4D5A-B8F5-F88E7E7C70F4}.Release|Any CPU.ActiveCfg = Release|Any CPU
		{153A9F2E-A700-4D5A-B8F5-F88E7E7C70F4}.Release|Any CPU.Build.0 = Release|Any CPU
	EndGlobalSection
	GlobalSection(NestedProjects) = preSolution
		{0DCBD6AA-87DB-4891-8BD4-9283258320EB} = {093B56B1-E9E0-4648-AA48-075E7F3A6225}
		{1922BDCA-4A00-4A6A-85A2-AE7678E29F2A} = {093B56B1-E9E0-4648-AA48-075E7F3A6225}
		{A89142BB-1915-4452-9D7B-55EDBA03FD10} = {093B56B1-E9E0-4648-AA48-075E7F3A6225}
		{F7176F70-7D98-4607-B01D-189E3A5F18F1} = {093B56B1-E9E0-4648-AA48-075E7F3A6225}
		{673F5903-6BC2-4AD4-B454-32706F7BC979} = {093B56B1-E9E0-4648-AA48-075E7F3A6225}
		{E22F99B9-7D59-410B-80C7-53D3DA2DBC9B} = {F259F81F-45C0-41BE-B647-9588D4A53B44}
		{B6EE7F91-9C3D-48F1-85F2-0E4AFF60605D} = {E22F99B9-7D59-410B-80C7-53D3DA2DBC9B}
		{153A9F2E-A700-4D5A-B8F5-F88E7E7C70F4} = {E22F99B9-7D59-410B-80C7-53D3DA2DBC9B}
	EndGlobalSection
EndGlobal
