
Microsoft Visual Studio Solution File, Format Version 12.00
# Visual Studio Version 17
VisualStudioVersion = 17.0.31903.59
MinimumVisualStudioVersion = 10.0.40219.1
Project("{2150E333-8FDC-42A3-9474-1A3956D46DE8}") = "src", "src", "{C12F17AC-CFFB-4611-BAEF-A7842C161272}"
EndProject
Project("{FAE04EC0-301F-11D3-BF4B-00C04F79EFBC}") = "Api", "src\Api\Api.csproj", "{7D874772-1EDF-4A22-B57E-0F4C437B3182}"
EndProject
Project("{FAE04EC0-301F-11D3-BF4B-00C04F79EFBC}") = "Application", "src\Application\Application.csproj", "{709F9DF2-84FE-4F77-B202-B375E1F9B5B1}"
EndProject
Project("{FAE04EC0-301F-11D3-BF4B-00C04F79EFBC}") = "Contracts", "src\Contracts\Contracts.csproj", "{4CD6C9B4-0FA8-4229-9B9B-AB722384009F}"
EndProject
Project("{FAE04EC0-301F-11D3-BF4B-00C04F79EFBC}") = "Domain", "src\Domain\Domain.csproj", "{3D619C0D-6EF2-43B0-91C4-907065BA8D8B}"
EndProject
Project("{FAE04EC0-301F-11D3-BF4B-00C04F79EFBC}") = "Infrastructure", "src\Infrastructure\Infrastructure.csproj", "{70BD417B-861E-4A9B-8E22-4665A52868B9}"
EndProject
Project("{FAE04EC0-301F-11D3-BF4B-00C04F79EFBC}") = "Web", "src\Web\Web.csproj", "{679B6FFA-AC1C-4181-A32B-850F831386DD}"
EndProject
Project("{2150E333-8FDC-42A3-9474-1A3956D46DE8}") = "tests", "tests", "{C003EFFF-A118-49E5-938B-56F8D9862913}"
EndProject
Project("{2150E333-8FDC-42A3-9474-1A3956D46DE8}") = "UnitTests", "UnitTests", "{2DDBA2F0-9FD1-477B-941E-27D9662C3003}"
EndProject
Project("{FAE04EC0-301F-11D3-BF4B-00C04F79EFBC}") = "Api.UnitTests", "tests\UnitTests\Api.UnitTests\Api.UnitTests.csproj", "{6A9558C3-69A3-4281-8BBE-CCC45F823EB3}"
EndProject
Project("{FAE04EC0-301F-11D3-BF4B-00C04F79EFBC}") = "Application.UnitTests", "tests\UnitTests\Application.UnitTests\Application.UnitTests.csproj", "{D6AC5E7E-A39B-4A5D-A183-4F6936A10676}"
EndProject
Global
	GlobalSection(SolutionConfigurationPlatforms) = preSolution
		Debug|Any CPU = Debug|Any CPU
		Release|Any CPU = Release|Any CPU
	EndGlobalSection
	GlobalSection(SolutionProperties) = preSolution
		HideSolutionNode = FALSE
	EndGlobalSection
	GlobalSection(ProjectConfigurationPlatforms) = postSolution
		{7D874772-1EDF-4A22-B57E-0F4C437B3182}.Debug|Any CPU.ActiveCfg = Debug|Any CPU
		{7D874772-1EDF-4A22-B57E-0F4C437B3182}.Debug|Any CPU.Build.0 = Debug|Any CPU
		{7D874772-1EDF-4A22-B57E-0F4C437B3182}.Release|Any CPU.ActiveCfg = Release|Any CPU
		{7D874772-1EDF-4A22-B57E-0F4C437B3182}.Release|Any CPU.Build.0 = Release|Any CPU
		{709F9DF2-84FE-4F77-B202-B375E1F9B5B1}.Debug|Any CPU.ActiveCfg = Debug|Any CPU
		{709F9DF2-84FE-4F77-B202-B375E1F9B5B1}.Debug|Any CPU.Build.0 = Debug|Any CPU
		{709F9DF2-84FE-4F77-B202-B375E1F9B5B1}.Release|Any CPU.ActiveCfg = Release|Any CPU
		{709F9DF2-84FE-4F77-B202-B375E1F9B5B1}.Release|Any CPU.Build.0 = Release|Any CPU
		{4CD6C9B4-0FA8-4229-9B9B-AB722384009F}.Debug|Any CPU.ActiveCfg = Debug|Any CPU
		{4CD6C9B4-0FA8-4229-9B9B-AB722384009F}.Debug|Any CPU.Build.0 = Debug|Any CPU
		{4CD6C9B4-0FA8-4229-9B9B-AB722384009F}.Release|Any CPU.ActiveCfg = Release|Any CPU
		{4CD6C9B4-0FA8-4229-9B9B-AB722384009F}.Release|Any CPU.Build.0 = Release|Any CPU
		{3D619C0D-6EF2-43B0-91C4-907065BA8D8B}.Debug|Any CPU.ActiveCfg = Debug|Any CPU
		{3D619C0D-6EF2-43B0-91C4-907065BA8D8B}.Debug|Any CPU.Build.0 = Debug|Any CPU
		{3D619C0D-6EF2-43B0-91C4-907065BA8D8B}.Release|Any CPU.ActiveCfg = Release|Any CPU
		{3D619C0D-6EF2-43B0-91C4-907065BA8D8B}.Release|Any CPU.Build.0 = Release|Any CPU
		{70BD417B-861E-4A9B-8E22-4665A52868B9}.Debug|Any CPU.ActiveCfg = Debug|Any CPU
		{70BD417B-861E-4A9B-8E22-4665A52868B9}.Debug|Any CPU.Build.0 = Debug|Any CPU
		{70BD417B-861E-4A9B-8E22-4665A52868B9}.Release|Any CPU.ActiveCfg = Release|Any CPU
		{70BD417B-861E-4A9B-8E22-4665A52868B9}.Release|Any CPU.Build.0 = Release|Any CPU
		{679B6FFA-AC1C-4181-A32B-850F831386DD}.Debug|Any CPU.ActiveCfg = Debug|Any CPU
		{679B6FFA-AC1C-4181-A32B-850F831386DD}.Debug|Any CPU.Build.0 = Debug|Any CPU
		{679B6FFA-AC1C-4181-A32B-850F831386DD}.Release|Any CPU.ActiveCfg = Release|Any CPU
		{679B6FFA-AC1C-4181-A32B-850F831386DD}.Release|Any CPU.Build.0 = Release|Any CPU
		{6A9558C3-69A3-4281-8BBE-CCC45F823EB3}.Debug|Any CPU.ActiveCfg = Debug|Any CPU
		{6A9558C3-69A3-4281-8BBE-CCC45F823EB3}.Debug|Any CPU.Build.0 = Debug|Any CPU
		{6A9558C3-69A3-4281-8BBE-CCC45F823EB3}.Release|Any CPU.ActiveCfg = Release|Any CPU
		{6A9558C3-69A3-4281-8BBE-CCC45F823EB3}.Release|Any CPU.Build.0 = Release|Any CPU
		{D6AC5E7E-A39B-4A5D-A183-4F6936A10676}.Debug|Any CPU.ActiveCfg = Debug|Any CPU
		{D6AC5E7E-A39B-4A5D-A183-4F6936A10676}.Debug|Any CPU.Build.0 = Debug|Any CPU
		{D6AC5E7E-A39B-4A5D-A183-4F6936A10676}.Release|Any CPU.ActiveCfg = Release|Any CPU
		{D6AC5E7E-A39B-4A5D-A183-4F6936A10676}.Release|Any CPU.Build.0 = Release|Any CPU
	EndGlobalSection
	GlobalSection(NestedProjects) = preSolution
		{7D874772-1EDF-4A22-B57E-0F4C437B3182} = {C12F17AC-CFFB-4611-BAEF-A7842C161272}
		{709F9DF2-84FE-4F77-B202-B375E1F9B5B1} = {C12F17AC-CFFB-4611-BAEF-A7842C161272}
		{4CD6C9B4-0FA8-4229-9B9B-AB722384009F} = {C12F17AC-CFFB-4611-BAEF-A7842C161272}
		{3D619C0D-6EF2-43B0-91C4-907065BA8D8B} = {C12F17AC-CFFB-4611-BAEF-A7842C161272}
		{70BD417B-861E-4A9B-8E22-4665A52868B9} = {C12F17AC-CFFB-4611-BAEF-A7842C161272}
		{679B6FFA-AC1C-4181-A32B-850F831386DD} = {C12F17AC-CFFB-4611-BAEF-A7842C161272}
		{2DDBA2F0-9FD1-477B-941E-27D9662C3003} = {C003EFFF-A118-49E5-938B-56F8D9862913}
		{6A9558C3-69A3-4281-8BBE-CCC45F823EB3} = {2DDBA2F0-9FD1-477B-941E-27D9662C3003}
		{D6AC5E7E-A39B-4A5D-A183-4F6936A10676} = {2DDBA2F0-9FD1-477B-941E-27D9662C3003}
	EndGlobalSection
EndGlobal
