
Microsoft Visual Studio Solution File, Format Version 12.00
# Visual Studio Version 17
VisualStudioVersion = 17.0.31903.59
MinimumVisualStudioVersion = 10.0.40219.1
Project("{2150E333-8FDC-42A3-9474-1A3956D46DE8}") = "src", "src", "{6D422907-96A2-4D50-99CA-86FBC5705289}"
EndProject
Project("{FAE04EC0-301F-11D3-BF4B-00C04F79EFBC}") = "Api", "src\Api\Api.csproj", "{5139CC10-8DF9-4A82-92EF-F2ACE8B97AD1}"
EndProject
Project("{FAE04EC0-301F-11D3-BF4B-00C04F79EFBC}") = "Application", "src\Application\Application.csproj", "{5FF60DE7-99EA-46CD-93DA-505C7F40F3A3}"
EndProject
Project("{FAE04EC0-301F-11D3-BF4B-00C04F79EFBC}") = "Contracts", "src\Contracts\Contracts.csproj", "{F80A6646-63E3-4757-9B86-FFE4282586F0}"
EndProject
Project("{FAE04EC0-301F-11D3-BF4B-00C04F79EFBC}") = "Domain", "src\Domain\Domain.csproj", "{E759A469-537B-4202-813D-5FC905487A7F}"
EndProject
Project("{FAE04EC0-301F-11D3-BF4B-00C04F79EFBC}") = "Infrastructure", "src\Infrastructure\Infrastructure.csproj", "{F7CE23B7-46B1-4850-9901-8B4A70284925}"
EndProject
Project("{2150E333-8FDC-42A3-9474-1A3956D46DE8}") = "tests", "tests", "{D184802A-F04A-4A5F-93DA-41192785AD7C}"
EndProject
Project("{2150E333-8FDC-42A3-9474-1A3956D46DE8}") = "UnitTests", "UnitTests", "{D5AB2FA4-9278-48F8-A4AB-77054C83748C}"
EndProject
Project("{FAE04EC0-301F-11D3-BF4B-00C04F79EFBC}") = "Api.UnitTests", "tests\UnitTests\Api.UnitTests\Api.UnitTests.csproj", "{7800C0FD-BA9D-4F28-8B60-2C63F96015EF}"
EndProject
Project("{FAE04EC0-301F-11D3-BF4B-00C04F79EFBC}") = "Application.UnitTests", "tests\UnitTests\Application.UnitTests\Application.UnitTests.csproj", "{0B31E089-5C3F-46A3-BB6C-1F254B54BE87}"
EndProject
Global
	GlobalSection(SolutionConfigurationPlatforms) = preSolution
		Debug|Any CPU = Debug|Any CPU
		Release|Any CPU = Release|Any CPU
	EndGlobalSection
	GlobalSection(SolutionProperties) = preSolution
		HideSolutionNode = FALSE
	EndGlobalSection
	GlobalSection(ProjectConfigurationPlatforms) = postSolution
		{5139CC10-8DF9-4A82-92EF-F2ACE8B97AD1}.Debug|Any CPU.ActiveCfg = Debug|Any CPU
		{5139CC10-8DF9-4A82-92EF-F2ACE8B97AD1}.Debug|Any CPU.Build.0 = Debug|Any CPU
		{5139CC10-8DF9-4A82-92EF-F2ACE8B97AD1}.Release|Any CPU.ActiveCfg = Release|Any CPU
		{5139CC10-8DF9-4A82-92EF-F2ACE8B97AD1}.Release|Any CPU.Build.0 = Release|Any CPU
		{5FF60DE7-99EA-46CD-93DA-505C7F40F3A3}.Debug|Any CPU.ActiveCfg = Debug|Any CPU
		{5FF60DE7-99EA-46CD-93DA-505C7F40F3A3}.Debug|Any CPU.Build.0 = Debug|Any CPU
		{5FF60DE7-99EA-46CD-93DA-505C7F40F3A3}.Release|Any CPU.ActiveCfg = Release|Any CPU
		{5FF60DE7-99EA-46CD-93DA-505C7F40F3A3}.Release|Any CPU.Build.0 = Release|Any CPU
		{F80A6646-63E3-4757-9B86-FFE4282586F0}.Debug|Any CPU.ActiveCfg = Debug|Any CPU
		{F80A6646-63E3-4757-9B86-FFE4282586F0}.Debug|Any CPU.Build.0 = Debug|Any CPU
		{F80A6646-63E3-4757-9B86-FFE4282586F0}.Release|Any CPU.ActiveCfg = Release|Any CPU
		{F80A6646-63E3-4757-9B86-FFE4282586F0}.Release|Any CPU.Build.0 = Release|Any CPU
		{E759A469-537B-4202-813D-5FC905487A7F}.Debug|Any CPU.ActiveCfg = Debug|Any CPU
		{E759A469-537B-4202-813D-5FC905487A7F}.Debug|Any CPU.Build.0 = Debug|Any CPU
		{E759A469-537B-4202-813D-5FC905487A7F}.Release|Any CPU.ActiveCfg = Release|Any CPU
		{E759A469-537B-4202-813D-5FC905487A7F}.Release|Any CPU.Build.0 = Release|Any CPU
		{F7CE23B7-46B1-4850-9901-8B4A70284925}.Debug|Any CPU.ActiveCfg = Debug|Any CPU
		{F7CE23B7-46B1-4850-9901-8B4A70284925}.Debug|Any CPU.Build.0 = Debug|Any CPU
		{F7CE23B7-46B1-4850-9901-8B4A70284925}.Release|Any CPU.ActiveCfg = Release|Any CPU
		{F7CE23B7-46B1-4850-9901-8B4A70284925}.Release|Any CPU.Build.0 = Release|Any CPU
		{7800C0FD-BA9D-4F28-8B60-2C63F96015EF}.Debug|Any CPU.ActiveCfg = Debug|Any CPU
		{7800C0FD-BA9D-4F28-8B60-2C63F96015EF}.Debug|Any CPU.Build.0 = Debug|Any CPU
		{7800C0FD-BA9D-4F28-8B60-2C63F96015EF}.Release|Any CPU.ActiveCfg = Release|Any CPU
		{7800C0FD-BA9D-4F28-8B60-2C63F96015EF}.Release|Any CPU.Build.0 = Release|Any CPU
		{0B31E089-5C3F-46A3-BB6C-1F254B54BE87}.Debug|Any CPU.ActiveCfg = Debug|Any CPU
		{0B31E089-5C3F-46A3-BB6C-1F254B54BE87}.Debug|Any CPU.Build.0 = Debug|Any CPU
		{0B31E089-5C3F-46A3-BB6C-1F254B54BE87}.Release|Any CPU.ActiveCfg = Release|Any CPU
		{0B31E089-5C3F-46A3-BB6C-1F254B54BE87}.Release|Any CPU.Build.0 = Release|Any CPU
	EndGlobalSection
	GlobalSection(NestedProjects) = preSolution
		{5139CC10-8DF9-4A82-92EF-F2ACE8B97AD1} = {6D422907-96A2-4D50-99CA-86FBC5705289}
		{5FF60DE7-99EA-46CD-93DA-505C7F40F3A3} = {6D422907-96A2-4D50-99CA-86FBC5705289}
		{F80A6646-63E3-4757-9B86-FFE4282586F0} = {6D422907-96A2-4D50-99CA-86FBC5705289}
		{E759A469-537B-4202-813D-5FC905487A7F} = {6D422907-96A2-4D50-99CA-86FBC5705289}
		{F7CE23B7-46B1-4850-9901-8B4A70284925} = {6D422907-96A2-4D50-99CA-86FBC5705289}
		{D5AB2FA4-9278-48F8-A4AB-77054C83748C} = {D184802A-F04A-4A5F-93DA-41192785AD7C}
		{7800C0FD-BA9D-4F28-8B60-2C63F96015EF} = {D5AB2FA4-9278-48F8-A4AB-77054C83748C}
		{0B31E089-5C3F-46A3-BB6C-1F254B54BE87} = {D5AB2FA4-9278-48F8-A4AB-77054C83748C}
	EndGlobalSection
EndGlobal
